
Microsoft Visual Studio Solution File, Format Version 12.00
# Visual Studio Version 17
VisualStudioVersion = 17.1.32328.378
MinimumVisualStudioVersion = 10.0.40219.1
Project("{FAE04EC0-301F-11D3-BF4B-00C04F79EFBC}") = "ElProjecteGrande", "ElProjecteGrande.csproj", "{96019CDF-E7A4-42BB-B9AD-EF1E3D9433DA}"
EndProject
Global
	GlobalSection(SolutionConfigurationPlatforms) = preSolution
		Debug|Any CPU = Debug|Any CPU
		Release|Any CPU = Release|Any CPU
	EndGlobalSection
	GlobalSection(ProjectConfigurationPlatforms) = postSolution
		{96019CDF-E7A4-42BB-B9AD-EF1E3D9433DA}.Debug|Any CPU.ActiveCfg = Debug|Any CPU
		{96019CDF-E7A4-42BB-B9AD-EF1E3D9433DA}.Debug|Any CPU.Build.0 = Debug|Any CPU
		{96019CDF-E7A4-42BB-B9AD-EF1E3D9433DA}.Release|Any CPU.ActiveCfg = Release|Any CPU
		{96019CDF-E7A4-42BB-B9AD-EF1E3D9433DA}.Release|Any CPU.Build.0 = Release|Any CPU
	EndGlobalSection
	GlobalSection(SolutionProperties) = preSolution
		HideSolutionNode = FALSE
	EndGlobalSection
	GlobalSection(ExtensibilityGlobals) = postSolution
		SolutionGuid = {DA938CC7-DDCD-4F73-A073-B9732ABEDA0A}
	EndGlobalSection
EndGlobal
